
Microsoft Visual Studio Solution File, Format Version 11.00
# Visual Studio 2010
Project("{FAE04EC0-301F-11D3-BF4B-00C04F79EFBC}") = "Assembly-CSharp", "Assembly-CSharp.csproj", "{86E8DD8C-363E-5648-BB61-89828A48D74E}"
EndProject
Project("{FAE04EC0-301F-11D3-BF4B-00C04F79EFBC}") = "Assembly-CSharp-firstpass", "Assembly-CSharp-firstpass.csproj", "{07B7D2A5-E6B2-E778-54BE-FD3CD09149B8}"
EndProject
Project("{FAE04EC0-301F-11D3-BF4B-00C04F79EFBC}") = "Assembly-CSharp-Editor-firstpass", "Assembly-CSharp-Editor-firstpass.csproj", "{93ADFC27-999F-31D5-84C0-A458BF1DF5AC}"
EndProject
Global
	GlobalSection(SolutionConfigurationPlatforms) = preSolution
		Debug|Any CPU = Debug|Any CPU
		Release|Any CPU = Release|Any CPU
	EndGlobalSection
	GlobalSection(ProjectConfigurationPlatforms) = postSolution
		{86E8DD8C-363E-5648-BB61-89828A48D74E}.Debug|Any CPU.ActiveCfg = Debug|Any CPU
		{86E8DD8C-363E-5648-BB61-89828A48D74E}.Debug|Any CPU.Build.0 = Debug|Any CPU
		{86E8DD8C-363E-5648-BB61-89828A48D74E}.Release|Any CPU.ActiveCfg = Release|Any CPU
		{86E8DD8C-363E-5648-BB61-89828A48D74E}.Release|Any CPU.Build.0 = Release|Any CPU
		{07B7D2A5-E6B2-E778-54BE-FD3CD09149B8}.Debug|Any CPU.ActiveCfg = Debug|Any CPU
		{07B7D2A5-E6B2-E778-54BE-FD3CD09149B8}.Debug|Any CPU.Build.0 = Debug|Any CPU
		{07B7D2A5-E6B2-E778-54BE-FD3CD09149B8}.Release|Any CPU.ActiveCfg = Release|Any CPU
		{07B7D2A5-E6B2-E778-54BE-FD3CD09149B8}.Release|Any CPU.Build.0 = Release|Any CPU
		{93ADFC27-999F-31D5-84C0-A458BF1DF5AC}.Debug|Any CPU.ActiveCfg = Debug|Any CPU
		{93ADFC27-999F-31D5-84C0-A458BF1DF5AC}.Debug|Any CPU.Build.0 = Debug|Any CPU
		{93ADFC27-999F-31D5-84C0-A458BF1DF5AC}.Release|Any CPU.ActiveCfg = Release|Any CPU
		{93ADFC27-999F-31D5-84C0-A458BF1DF5AC}.Release|Any CPU.Build.0 = Release|Any CPU
	EndGlobalSection
	GlobalSection(SolutionProperties) = preSolution
		HideSolutionNode = FALSE
	EndGlobalSection
EndGlobal
